
Microsoft Visual Studio Solution File, Format Version 12.00
# Visual Studio Version 17
VisualStudioVersion = 17.4.33122.133
MinimumVisualStudioVersion = 10.0.40219.1
Project("{FAE04EC0-301F-11D3-BF4B-00C04F79EFBC}") = "SQL_Proyecto", "SQL_Proyecto.csproj", "{71A94569-C26D-4774-907C-12B95B0B783F}"
EndProject
Global
	GlobalSection(SolutionConfigurationPlatforms) = preSolution
		Debug|Any CPU = Debug|Any CPU
		Release|Any CPU = Release|Any CPU
	EndGlobalSection
	GlobalSection(ProjectConfigurationPlatforms) = postSolution
		{71A94569-C26D-4774-907C-12B95B0B783F}.Debug|Any CPU.ActiveCfg = Debug|Any CPU
		{71A94569-C26D-4774-907C-12B95B0B783F}.Debug|Any CPU.Build.0 = Debug|Any CPU
		{71A94569-C26D-4774-907C-12B95B0B783F}.Release|Any CPU.ActiveCfg = Release|Any CPU
		{71A94569-C26D-4774-907C-12B95B0B783F}.Release|Any CPU.Build.0 = Release|Any CPU
	EndGlobalSection
	GlobalSection(SolutionProperties) = preSolution
		HideSolutionNode = FALSE
	EndGlobalSection
	GlobalSection(ExtensibilityGlobals) = postSolution
		SolutionGuid = {EC36CE52-9418-4B15-BF6E-396B1BE77240}
	EndGlobalSection
EndGlobal
